// !$*UTF8*$!
{
	archiveVersion = 1;
	classes = {
	};
	objectVersion = 50;
	objects = {

/* Begin PBXBuildFile section */
		49D4BF922449BC182257055D /* Pods_MVVM_Sample.framework in Frameworks */ = {isa = PBXBuildFile; fileRef = 3E87A27DB3D8166D3DD5E77D /* Pods_MVVM_Sample.framework */; };
		5C253AE62235F8C200B688FC /* LoginViewController.swift in Sources */ = {isa = PBXBuildFile; fileRef = 5C253AE52235F8C200B688FC /* LoginViewController.swift */; };
		5C253AE82235F8CB00B688FC /* LoginViewController.storyboard in Resources */ = {isa = PBXBuildFile; fileRef = 5C253AE72235F8CB00B688FC /* LoginViewController.storyboard */; };
		5C253AEA2235F8E800B688FC /* LoginViewModel.swift in Sources */ = {isa = PBXBuildFile; fileRef = 5C253AE92235F8E800B688FC /* LoginViewModel.swift */; };
		5C253AEC22362BD100B688FC /* AppDelegate+util.swift in Sources */ = {isa = PBXBuildFile; fileRef = 5C253AEB22362BD100B688FC /* AppDelegate+util.swift */; };
		5C253AEE22362EC600B688FC /* ViewController+util.swift in Sources */ = {isa = PBXBuildFile; fileRef = 5C253AED22362EC600B688FC /* ViewController+util.swift */; };
		5CDD86C82237CB9600010945 /* ResponseModel.swift in Sources */ = {isa = PBXBuildFile; fileRef = 5CDD86C72237CB9600010945 /* ResponseModel.swift */; };
		5CDD86CB223DE79B00010945 /* TopViewController.swift in Sources */ = {isa = PBXBuildFile; fileRef = 5CDD86CA223DE79B00010945 /* TopViewController.swift */; };
		5CDD86CD223DE7A400010945 /* TopViewController.storyboard in Resources */ = {isa = PBXBuildFile; fileRef = 5CDD86CC223DE7A400010945 /* TopViewController.storyboard */; };
		5CDD86CF223DE7DC00010945 /* TopViewModel.swift in Sources */ = {isa = PBXBuildFile; fileRef = 5CDD86CE223DE7DC00010945 /* TopViewModel.swift */; };
		5CDD86D32246620200010945 /* SkeletonView.swift in Sources */ = {isa = PBXBuildFile; fileRef = 5CDD86D12246620100010945 /* SkeletonView.swift */; };
		5CDD86D42246620200010945 /* UIViewMasking.swift in Sources */ = {isa = PBXBuildFile; fileRef = 5CDD86D22246620100010945 /* UIViewMasking.swift */; };
		5CDD86D62246688C00010945 /* TopTableViewModel.swift in Sources */ = {isa = PBXBuildFile; fileRef = 5CDD86D52246688C00010945 /* TopTableViewModel.swift */; };
		5CE6FCA82235F77D00875B68 /* AppDelegate.swift in Sources */ = {isa = PBXBuildFile; fileRef = 5CE6FCA72235F77D00875B68 /* AppDelegate.swift */; };
		5CE6FCAA2235F77D00875B68 /* ViewController.swift in Sources */ = {isa = PBXBuildFile; fileRef = 5CE6FCA92235F77D00875B68 /* ViewController.swift */; };
		5CE6FCAD2235F77D00875B68 /* Main.storyboard in Resources */ = {isa = PBXBuildFile; fileRef = 5CE6FCAB2235F77D00875B68 /* Main.storyboard */; };
		5CE6FCAF2235F77F00875B68 /* Assets.xcassets in Resources */ = {isa = PBXBuildFile; fileRef = 5CE6FCAE2235F77F00875B68 /* Assets.xcassets */; };
		5CE6FCB22235F77F00875B68 /* LaunchScreen.storyboard in Resources */ = {isa = PBXBuildFile; fileRef = 5CE6FCB02235F77F00875B68 /* LaunchScreen.storyboard */; };
		5CE6FCBD2235F77F00875B68 /* MVVM_SampleTests.swift in Sources */ = {isa = PBXBuildFile; fileRef = 5CE6FCBC2235F77F00875B68 /* MVVM_SampleTests.swift */; };
		5CE6FCC82235F77F00875B68 /* MVVM_SampleUITests.swift in Sources */ = {isa = PBXBuildFile; fileRef = 5CE6FCC72235F77F00875B68 /* MVVM_SampleUITests.swift */; };
		B63C1AF12245DD5A00631728 /* extensions.swift in Sources */ = {isa = PBXBuildFile; fileRef = B63C1AF02245DD5A00631728 /* extensions.swift */; };
/* End PBXBuildFile section */

/* Begin PBXContainerItemProxy section */
		5CE6FCB92235F77F00875B68 /* PBXContainerItemProxy */ = {
			isa = PBXContainerItemProxy;
			containerPortal = 5CE6FC9C2235F77D00875B68 /* Project object */;
			proxyType = 1;
			remoteGlobalIDString = 5CE6FCA32235F77D00875B68;
			remoteInfo = "MVVM-Sample";
		};
		5CE6FCC42235F77F00875B68 /* PBXContainerItemProxy */ = {
			isa = PBXContainerItemProxy;
			containerPortal = 5CE6FC9C2235F77D00875B68 /* Project object */;
			proxyType = 1;
			remoteGlobalIDString = 5CE6FCA32235F77D00875B68;
			remoteInfo = "MVVM-Sample";
		};
/* End PBXContainerItemProxy section */

/* Begin PBXFileReference section */
		2585EF0F5D55A33D2FE87675 /* Pods-MVVM-Sample.debug.xcconfig */ = {isa = PBXFileReference; includeInIndex = 1; lastKnownFileType = text.xcconfig; name = "Pods-MVVM-Sample.debug.xcconfig"; path = "Pods/Target Support Files/Pods-MVVM-Sample/Pods-MVVM-Sample.debug.xcconfig"; sourceTree = "<group>"; };
		3E87A27DB3D8166D3DD5E77D /* Pods_MVVM_Sample.framework */ = {isa = PBXFileReference; explicitFileType = wrapper.framework; includeInIndex = 0; path = Pods_MVVM_Sample.framework; sourceTree = BUILT_PRODUCTS_DIR; };
		5C253AE52235F8C200B688FC /* LoginViewController.swift */ = {isa = PBXFileReference; lastKnownFileType = sourcecode.swift; path = LoginViewController.swift; sourceTree = "<group>"; };
		5C253AE72235F8CB00B688FC /* LoginViewController.storyboard */ = {isa = PBXFileReference; lastKnownFileType = file.storyboard; path = LoginViewController.storyboard; sourceTree = "<group>"; };
		5C253AE92235F8E800B688FC /* LoginViewModel.swift */ = {isa = PBXFileReference; lastKnownFileType = sourcecode.swift; path = LoginViewModel.swift; sourceTree = "<group>"; };
		5C253AEB22362BD100B688FC /* AppDelegate+util.swift */ = {isa = PBXFileReference; lastKnownFileType = sourcecode.swift; path = "AppDelegate+util.swift"; sourceTree = "<group>"; };
		5C253AED22362EC600B688FC /* ViewController+util.swift */ = {isa = PBXFileReference; lastKnownFileType = sourcecode.swift; path = "ViewController+util.swift"; sourceTree = "<group>"; };
		5CDD86C72237CB9600010945 /* ResponseModel.swift */ = {isa = PBXFileReference; lastKnownFileType = sourcecode.swift; path = ResponseModel.swift; sourceTree = "<group>"; };
		5CDD86CA223DE79B00010945 /* TopViewController.swift */ = {isa = PBXFileReference; lastKnownFileType = sourcecode.swift; path = TopViewController.swift; sourceTree = "<group>"; };
		5CDD86CC223DE7A400010945 /* TopViewController.storyboard */ = {isa = PBXFileReference; lastKnownFileType = file.storyboard; path = TopViewController.storyboard; sourceTree = "<group>"; };
		5CDD86CE223DE7DC00010945 /* TopViewModel.swift */ = {isa = PBXFileReference; fileEncoding = 4; lastKnownFileType = sourcecode.swift; path = TopViewModel.swift; sourceTree = "<group>"; };
		5CDD86D12246620100010945 /* SkeletonView.swift */ = {isa = PBXFileReference; fileEncoding = 4; lastKnownFileType = sourcecode.swift; path = SkeletonView.swift; sourceTree = "<group>"; };
		5CDD86D22246620100010945 /* UIViewMasking.swift */ = {isa = PBXFileReference; fileEncoding = 4; lastKnownFileType = sourcecode.swift; path = UIViewMasking.swift; sourceTree = "<group>"; };
		5CDD86D52246688C00010945 /* TopTableViewModel.swift */ = {isa = PBXFileReference; fileEncoding = 4; lastKnownFileType = sourcecode.swift; path = TopTableViewModel.swift; sourceTree = "<group>"; };
		5CE6FCA42235F77D00875B68 /* MVVM-Sample.app */ = {isa = PBXFileReference; explicitFileType = wrapper.application; includeInIndex = 0; path = "MVVM-Sample.app"; sourceTree = BUILT_PRODUCTS_DIR; };
		5CE6FCA72235F77D00875B68 /* AppDelegate.swift */ = {isa = PBXFileReference; lastKnownFileType = sourcecode.swift; path = AppDelegate.swift; sourceTree = "<group>"; };
		5CE6FCA92235F77D00875B68 /* ViewController.swift */ = {isa = PBXFileReference; lastKnownFileType = sourcecode.swift; path = ViewController.swift; sourceTree = "<group>"; };
		5CE6FCAC2235F77D00875B68 /* Base */ = {isa = PBXFileReference; lastKnownFileType = file.storyboard; name = Base; path = Base.lproj/Main.storyboard; sourceTree = "<group>"; };
		5CE6FCAE2235F77F00875B68 /* Assets.xcassets */ = {isa = PBXFileReference; lastKnownFileType = folder.assetcatalog; path = Assets.xcassets; sourceTree = "<group>"; };
		5CE6FCB12235F77F00875B68 /* Base */ = {isa = PBXFileReference; lastKnownFileType = file.storyboard; name = Base; path = Base.lproj/LaunchScreen.storyboard; sourceTree = "<group>"; };
		5CE6FCB32235F77F00875B68 /* Info.plist */ = {isa = PBXFileReference; lastKnownFileType = text.plist.xml; path = Info.plist; sourceTree = "<group>"; };
		5CE6FCB82235F77F00875B68 /* MVVM-SampleTests.xctest */ = {isa = PBXFileReference; explicitFileType = wrapper.cfbundle; includeInIndex = 0; path = "MVVM-SampleTests.xctest"; sourceTree = BUILT_PRODUCTS_DIR; };
		5CE6FCBC2235F77F00875B68 /* MVVM_SampleTests.swift */ = {isa = PBXFileReference; lastKnownFileType = sourcecode.swift; path = MVVM_SampleTests.swift; sourceTree = "<group>"; };
		5CE6FCBE2235F77F00875B68 /* Info.plist */ = {isa = PBXFileReference; lastKnownFileType = text.plist.xml; path = Info.plist; sourceTree = "<group>"; };
		5CE6FCC32235F77F00875B68 /* MVVM-SampleUITests.xctest */ = {isa = PBXFileReference; explicitFileType = wrapper.cfbundle; includeInIndex = 0; path = "MVVM-SampleUITests.xctest"; sourceTree = BUILT_PRODUCTS_DIR; };
		5CE6FCC72235F77F00875B68 /* MVVM_SampleUITests.swift */ = {isa = PBXFileReference; lastKnownFileType = sourcecode.swift; path = MVVM_SampleUITests.swift; sourceTree = "<group>"; };
		5CE6FCC92235F77F00875B68 /* Info.plist */ = {isa = PBXFileReference; lastKnownFileType = text.plist.xml; path = Info.plist; sourceTree = "<group>"; };
		7C68C9B03391E318FDCA52B7 /* Pods-MVVM-Sample.release.xcconfig */ = {isa = PBXFileReference; includeInIndex = 1; lastKnownFileType = text.xcconfig; name = "Pods-MVVM-Sample.release.xcconfig"; path = "Pods/Target Support Files/Pods-MVVM-Sample/Pods-MVVM-Sample.release.xcconfig"; sourceTree = "<group>"; };
		B63C1AF02245DD5A00631728 /* extensions.swift */ = {isa = PBXFileReference; lastKnownFileType = sourcecode.swift; path = extensions.swift; sourceTree = "<group>"; };
/* End PBXFileReference section */

/* Begin PBXFrameworksBuildPhase section */
		5CE6FCA12235F77D00875B68 /* Frameworks */ = {
			isa = PBXFrameworksBuildPhase;
			buildActionMask = 2147483647;
			files = (
				49D4BF922449BC182257055D /* Pods_MVVM_Sample.framework in Frameworks */,
			);
			runOnlyForDeploymentPostprocessing = 0;
		};
		5CE6FCB52235F77F00875B68 /* Frameworks */ = {
			isa = PBXFrameworksBuildPhase;
			buildActionMask = 2147483647;
			files = (
			);
			runOnlyForDeploymentPostprocessing = 0;
		};
		5CE6FCC02235F77F00875B68 /* Frameworks */ = {
			isa = PBXFrameworksBuildPhase;
			buildActionMask = 2147483647;
			files = (
			);
			runOnlyForDeploymentPostprocessing = 0;
		};
/* End PBXFrameworksBuildPhase section */

/* Begin PBXGroup section */
		09C1E28C283AC1FD97ADC251 /* Frameworks */ = {
			isa = PBXGroup;
			children = (
				3E87A27DB3D8166D3DD5E77D /* Pods_MVVM_Sample.framework */,
			);
			name = Frameworks;
			sourceTree = "<group>";
		};
		5C253AE42235F8A700B688FC /* LoginViewController */ = {
			isa = PBXGroup;
			children = (
				5C253AE92235F8E800B688FC /* LoginViewModel.swift */,
				5C253AE52235F8C200B688FC /* LoginViewController.swift */,
				5C253AE72235F8CB00B688FC /* LoginViewController.storyboard */,
			);
			path = LoginViewController;
			sourceTree = "<group>";
		};
		5CDD86C62236934600010945 /* APIModel */ = {
			isa = PBXGroup;
			children = (
				5CDD86C72237CB9600010945 /* ResponseModel.swift */,
			);
			path = APIModel;
			sourceTree = "<group>";
		};
		5CDD86C9223DE78C00010945 /* TopViewController */ = {
			isa = PBXGroup;
			children = (
				5CDD86CE223DE7DC00010945 /* TopViewModel.swift */,
				5CDD86D52246688C00010945 /* TopTableViewModel.swift */,
				5CDD86CA223DE79B00010945 /* TopViewController.swift */,
				5CDD86CC223DE7A400010945 /* TopViewController.storyboard */,
			);
			path = TopViewController;
			sourceTree = "<group>";
		};
		5CDD86D02246620100010945 /* SkeletonLoading */ = {
			isa = PBXGroup;
			children = (
				5CDD86D12246620100010945 /* SkeletonView.swift */,
				5CDD86D22246620100010945 /* UIViewMasking.swift */,
			);
			path = SkeletonLoading;
			sourceTree = "<group>";
		};
		5CE6FC9B2235F77D00875B68 = {
			isa = PBXGroup;
			children = (
				5CE6FCA62235F77D00875B68 /* MVVM-Sample */,
				5CE6FCBB2235F77F00875B68 /* MVVM-SampleTests */,
				5CE6FCC62235F77F00875B68 /* MVVM-SampleUITests */,
				5CE6FCA52235F77D00875B68 /* Products */,
				C9D5BDF7623042C7B0FE31A4 /* Pods */,
				09C1E28C283AC1FD97ADC251 /* Frameworks */,
			);
			sourceTree = "<group>";
		};
		5CE6FCA52235F77D00875B68 /* Products */ = {
			isa = PBXGroup;
			children = (
				5CE6FCA42235F77D00875B68 /* MVVM-Sample.app */,
				5CE6FCB82235F77F00875B68 /* MVVM-SampleTests.xctest */,
				5CE6FCC32235F77F00875B68 /* MVVM-SampleUITests.xctest */,
			);
			name = Products;
			sourceTree = "<group>";
		};
		5CE6FCA62235F77D00875B68 /* MVVM-Sample */ = {
			isa = PBXGroup;
			children = (
				5CDD86C62236934600010945 /* APIModel */,
				5C253AE42235F8A700B688FC /* LoginViewController */,
				5CDD86C9223DE78C00010945 /* TopViewController */,
				5CDD86D02246620100010945 /* SkeletonLoading */,
				B63C1AF02245DD5A00631728 /* extensions.swift */,
				5CE6FCA72235F77D00875B68 /* AppDelegate.swift */,
				5C253AEB22362BD100B688FC /* AppDelegate+util.swift */,
				5CE6FCA92235F77D00875B68 /* ViewController.swift */,
				5C253AED22362EC600B688FC /* ViewController+util.swift */,
				5CE6FCAB2235F77D00875B68 /* Main.storyboard */,
				5CE6FCAE2235F77F00875B68 /* Assets.xcassets */,
				5CE6FCB02235F77F00875B68 /* LaunchScreen.storyboard */,
				5CE6FCB32235F77F00875B68 /* Info.plist */,
			);
			path = "MVVM-Sample";
			sourceTree = "<group>";
		};
		5CE6FCBB2235F77F00875B68 /* MVVM-SampleTests */ = {
			isa = PBXGroup;
			children = (
				5CE6FCBC2235F77F00875B68 /* MVVM_SampleTests.swift */,
				5CE6FCBE2235F77F00875B68 /* Info.plist */,
			);
			path = "MVVM-SampleTests";
			sourceTree = "<group>";
		};
		5CE6FCC62235F77F00875B68 /* MVVM-SampleUITests */ = {
			isa = PBXGroup;
			children = (
				5CE6FCC72235F77F00875B68 /* MVVM_SampleUITests.swift */,
				5CE6FCC92235F77F00875B68 /* Info.plist */,
			);
			path = "MVVM-SampleUITests";
			sourceTree = "<group>";
		};
		C9D5BDF7623042C7B0FE31A4 /* Pods */ = {
			isa = PBXGroup;
			children = (
				2585EF0F5D55A33D2FE87675 /* Pods-MVVM-Sample.debug.xcconfig */,
				7C68C9B03391E318FDCA52B7 /* Pods-MVVM-Sample.release.xcconfig */,
			);
			name = Pods;
			sourceTree = "<group>";
		};
/* End PBXGroup section */

/* Begin PBXNativeTarget section */
		5CE6FCA32235F77D00875B68 /* MVVM-Sample */ = {
			isa = PBXNativeTarget;
			buildConfigurationList = 5CE6FCCC2235F77F00875B68 /* Build configuration list for PBXNativeTarget "MVVM-Sample" */;
			buildPhases = (
				E34C2D8EF64F12B212A2EDE9 /* [CP] Check Pods Manifest.lock */,
				5CE6FCA02235F77D00875B68 /* Sources */,
				5CE6FCA12235F77D00875B68 /* Frameworks */,
				5CE6FCA22235F77D00875B68 /* Resources */,
				64687753E7E35270206BA800 /* [CP] Embed Pods Frameworks */,
				8ECF30E578E78FF6A030214A /* [CP] Copy Pods Resources */,
			);
			buildRules = (
			);
			dependencies = (
			);
			name = "MVVM-Sample";
			productName = "MVVM-Sample";
			productReference = 5CE6FCA42235F77D00875B68 /* MVVM-Sample.app */;
			productType = "com.apple.product-type.application";
		};
		5CE6FCB72235F77F00875B68 /* MVVM-SampleTests */ = {
			isa = PBXNativeTarget;
			buildConfigurationList = 5CE6FCCF2235F77F00875B68 /* Build configuration list for PBXNativeTarget "MVVM-SampleTests" */;
			buildPhases = (
				5CE6FCB42235F77F00875B68 /* Sources */,
				5CE6FCB52235F77F00875B68 /* Frameworks */,
				5CE6FCB62235F77F00875B68 /* Resources */,
			);
			buildRules = (
			);
			dependencies = (
				5CE6FCBA2235F77F00875B68 /* PBXTargetDependency */,
			);
			name = "MVVM-SampleTests";
			productName = "MVVM-SampleTests";
			productReference = 5CE6FCB82235F77F00875B68 /* MVVM-SampleTests.xctest */;
			productType = "com.apple.product-type.bundle.unit-test";
		};
		5CE6FCC22235F77F00875B68 /* MVVM-SampleUITests */ = {
			isa = PBXNativeTarget;
			buildConfigurationList = 5CE6FCD22235F77F00875B68 /* Build configuration list for PBXNativeTarget "MVVM-SampleUITests" */;
			buildPhases = (
				5CE6FCBF2235F77F00875B68 /* Sources */,
				5CE6FCC02235F77F00875B68 /* Frameworks */,
				5CE6FCC12235F77F00875B68 /* Resources */,
			);
			buildRules = (
			);
			dependencies = (
				5CE6FCC52235F77F00875B68 /* PBXTargetDependency */,
			);
			name = "MVVM-SampleUITests";
			productName = "MVVM-SampleUITests";
			productReference = 5CE6FCC32235F77F00875B68 /* MVVM-SampleUITests.xctest */;
			productType = "com.apple.product-type.bundle.ui-testing";
		};
/* End PBXNativeTarget section */

/* Begin PBXProject section */
		5CE6FC9C2235F77D00875B68 /* Project object */ = {
			isa = PBXProject;
			attributes = {
				LastSwiftUpdateCheck = 1010;
				LastUpgradeCheck = 1010;
				ORGANIZATIONNAME = "yuki naniwa";
				TargetAttributes = {
					5CE6FCA32235F77D00875B68 = {
						CreatedOnToolsVersion = 10.1;
					};
					5CE6FCB72235F77F00875B68 = {
						CreatedOnToolsVersion = 10.1;
						TestTargetID = 5CE6FCA32235F77D00875B68;
					};
					5CE6FCC22235F77F00875B68 = {
						CreatedOnToolsVersion = 10.1;
						TestTargetID = 5CE6FCA32235F77D00875B68;
					};
				};
			};
			buildConfigurationList = 5CE6FC9F2235F77D00875B68 /* Build configuration list for PBXProject "MVVM-Sample" */;
			compatibilityVersion = "Xcode 9.3";
			developmentRegion = en;
			hasScannedForEncodings = 0;
			knownRegions = (
				en,
				Base,
			);
			mainGroup = 5CE6FC9B2235F77D00875B68;
			productRefGroup = 5CE6FCA52235F77D00875B68 /* Products */;
			projectDirPath = "";
			projectRoot = "";
			targets = (
				5CE6FCA32235F77D00875B68 /* MVVM-Sample */,
				5CE6FCB72235F77F00875B68 /* MVVM-SampleTests */,
				5CE6FCC22235F77F00875B68 /* MVVM-SampleUITests */,
			);
		};
/* End PBXProject section */

/* Begin PBXResourcesBuildPhase section */
		5CE6FCA22235F77D00875B68 /* Resources */ = {
			isa = PBXResourcesBuildPhase;
			buildActionMask = 2147483647;
			files = (
				5CE6FCB22235F77F00875B68 /* LaunchScreen.storyboard in Resources */,
				5C253AE82235F8CB00B688FC /* LoginViewController.storyboard in Resources */,
				5CE6FCAF2235F77F00875B68 /* Assets.xcassets in Resources */,
				5CE6FCAD2235F77D00875B68 /* Main.storyboard in Resources */,
				5CDD86CD223DE7A400010945 /* TopViewController.storyboard in Resources */,
			);
			runOnlyForDeploymentPostprocessing = 0;
		};
		5CE6FCB62235F77F00875B68 /* Resources */ = {
			isa = PBXResourcesBuildPhase;
			buildActionMask = 2147483647;
			files = (
			);
			runOnlyForDeploymentPostprocessing = 0;
		};
		5CE6FCC12235F77F00875B68 /* Resources */ = {
			isa = PBXResourcesBuildPhase;
			buildActionMask = 2147483647;
			files = (
			);
			runOnlyForDeploymentPostprocessing = 0;
		};
/* End PBXResourcesBuildPhase section */

/* Begin PBXShellScriptBuildPhase section */
		64687753E7E35270206BA800 /* [CP] Embed Pods Frameworks */ = {
			isa = PBXShellScriptBuildPhase;
			buildActionMask = 2147483647;
			files = (
			);
			inputPaths = (
				"${SRCROOT}/Pods/Target Support Files/Pods-MVVM-Sample/Pods-MVVM-Sample-frameworks.sh",
				"${BUILT_PRODUCTS_DIR}/RxCocoa/RxCocoa.framework",
				"${BUILT_PRODUCTS_DIR}/RxSwift/RxSwift.framework",
				"${BUILT_PRODUCTS_DIR}/SwiftyBeaver/SwiftyBeaver.framework",
			);
			name = "[CP] Embed Pods Frameworks";
			outputPaths = (
				"${TARGET_BUILD_DIR}/${FRAMEWORKS_FOLDER_PATH}/RxCocoa.framework",
				"${TARGET_BUILD_DIR}/${FRAMEWORKS_FOLDER_PATH}/RxSwift.framework",
				"${TARGET_BUILD_DIR}/${FRAMEWORKS_FOLDER_PATH}/SwiftyBeaver.framework",
			);
			runOnlyForDeploymentPostprocessing = 0;
			shellPath = /bin/sh;
			shellScript = "\"${SRCROOT}/Pods/Target Support Files/Pods-MVVM-Sample/Pods-MVVM-Sample-frameworks.sh\"\n";
			showEnvVarsInLog = 0;
		};
		8ECF30E578E78FF6A030214A /* [CP] Copy Pods Resources */ = {
			isa = PBXShellScriptBuildPhase;
			buildActionMask = 2147483647;
			files = (
			);
			inputPaths = (
			);
			name = "[CP] Copy Pods Resources";
			outputPaths = (
			);
			runOnlyForDeploymentPostprocessing = 0;
			shellPath = /bin/sh;
			shellScript = "\"${SRCROOT}/Pods/Target Support Files/Pods-MVVM-Sample/Pods-MVVM-Sample-resources.sh\"\n";
			showEnvVarsInLog = 0;
		};
		E34C2D8EF64F12B212A2EDE9 /* [CP] Check Pods Manifest.lock */ = {
			isa = PBXShellScriptBuildPhase;
			buildActionMask = 2147483647;
			files = (
			);
			inputPaths = (
				"${PODS_PODFILE_DIR_PATH}/Podfile.lock",
				"${PODS_ROOT}/Manifest.lock",
			);
			name = "[CP] Check Pods Manifest.lock";
			outputPaths = (
				"$(DERIVED_FILE_DIR)/Pods-MVVM-Sample-checkManifestLockResult.txt",
			);
			runOnlyForDeploymentPostprocessing = 0;
			shellPath = /bin/sh;
			shellScript = "diff \"${PODS_PODFILE_DIR_PATH}/Podfile.lock\" \"${PODS_ROOT}/Manifest.lock\" > /dev/null\nif [ $? != 0 ] ; then\n    # print error to STDERR\n    echo \"error: The sandbox is not in sync with the Podfile.lock. Run 'pod install' or update your CocoaPods installation.\" >&2\n    exit 1\nfi\n# This output is used by Xcode 'outputs' to avoid re-running this script phase.\necho \"SUCCESS\" > \"${SCRIPT_OUTPUT_FILE_0}\"\n";
			showEnvVarsInLog = 0;
		};
/* End PBXShellScriptBuildPhase section */

/* Begin PBXSourcesBuildPhase section */
		5CE6FCA02235F77D00875B68 /* Sources */ = {
			isa = PBXSourcesBuildPhase;
			buildActionMask = 2147483647;
			files = (
				5C253AEE22362EC600B688FC /* ViewController+util.swift in Sources */,
				5C253AEA2235F8E800B688FC /* LoginViewModel.swift in Sources */,
				5C253AEC22362BD100B688FC /* AppDelegate+util.swift in Sources */,
				5C253AE62235F8C200B688FC /* LoginViewController.swift in Sources */,
				5CDD86CF223DE7DC00010945 /* TopViewModel.swift in Sources */,
				5CDD86D32246620200010945 /* SkeletonView.swift in Sources */,
				B63C1AF12245DD5A00631728 /* extensions.swift in Sources */,
				5CDD86CB223DE79B00010945 /* TopViewController.swift in Sources */,
				5CDD86D62246688C00010945 /* TopTableViewModel.swift in Sources */,
				5CDD86C82237CB9600010945 /* ResponseModel.swift in Sources */,
				5CDD86D42246620200010945 /* UIViewMasking.swift in Sources */,
				5CE6FCAA2235F77D00875B68 /* ViewController.swift in Sources */,
				5CE6FCA82235F77D00875B68 /* AppDelegate.swift in Sources */,
			);
			runOnlyForDeploymentPostprocessing = 0;
		};
		5CE6FCB42235F77F00875B68 /* Sources */ = {
			isa = PBXSourcesBuildPhase;
			buildActionMask = 2147483647;
			files = (
				5CE6FCBD2235F77F00875B68 /* MVVM_SampleTests.swift in Sources */,
			);
			runOnlyForDeploymentPostprocessing = 0;
		};
		5CE6FCBF2235F77F00875B68 /* Sources */ = {
			isa = PBXSourcesBuildPhase;
			buildActionMask = 2147483647;
			files = (
				5CE6FCC82235F77F00875B68 /* MVVM_SampleUITests.swift in Sources */,
			);
			runOnlyForDeploymentPostprocessing = 0;
		};
/* End PBXSourcesBuildPhase section */

/* Begin PBXTargetDependency section */
		5CE6FCBA2235F77F00875B68 /* PBXTargetDependency */ = {
			isa = PBXTargetDependency;
			target = 5CE6FCA32235F77D00875B68 /* MVVM-Sample */;
			targetProxy = 5CE6FCB92235F77F00875B68 /* PBXContainerItemProxy */;
		};
		5CE6FCC52235F77F00875B68 /* PBXTargetDependency */ = {
			isa = PBXTargetDependency;
			target = 5CE6FCA32235F77D00875B68 /* MVVM-Sample */;
			targetProxy = 5CE6FCC42235F77F00875B68 /* PBXContainerItemProxy */;
		};
/* End PBXTargetDependency section */

/* Begin PBXVariantGroup section */
		5CE6FCAB2235F77D00875B68 /* Main.storyboard */ = {
			isa = PBXVariantGroup;
			children = (
				5CE6FCAC2235F77D00875B68 /* Base */,
			);
			name = Main.storyboard;
			sourceTree = "<group>";
		};
		5CE6FCB02235F77F00875B68 /* LaunchScreen.storyboard */ = {
			isa = PBXVariantGroup;
			children = (
				5CE6FCB12235F77F00875B68 /* Base */,
			);
			name = LaunchScreen.storyboard;
			sourceTree = "<group>";
		};
/* End PBXVariantGroup section */

/* Begin XCBuildConfiguration section */
		5CE6FCCA2235F77F00875B68 /* Debug */ = {
			isa = XCBuildConfiguration;
			buildSettings = {
				ALWAYS_SEARCH_USER_PATHS = NO;
				CLANG_ANALYZER_NONNULL = YES;
				CLANG_ANALYZER_NUMBER_OBJECT_CONVERSION = YES_AGGRESSIVE;
				CLANG_CXX_LANGUAGE_STANDARD = "gnu++14";
				CLANG_CXX_LIBRARY = "libc++";
				CLANG_ENABLE_MODULES = YES;
				CLANG_ENABLE_OBJC_ARC = YES;
				CLANG_ENABLE_OBJC_WEAK = YES;
				CLANG_WARN_BLOCK_CAPTURE_AUTORELEASING = YES;
				CLANG_WARN_BOOL_CONVERSION = YES;
				CLANG_WARN_COMMA = YES;
				CLANG_WARN_CONSTANT_CONVERSION = YES;
				CLANG_WARN_DEPRECATED_OBJC_IMPLEMENTATIONS = YES;
				CLANG_WARN_DIRECT_OBJC_ISA_USAGE = YES_ERROR;
				CLANG_WARN_DOCUMENTATION_COMMENTS = YES;
				CLANG_WARN_EMPTY_BODY = YES;
				CLANG_WARN_ENUM_CONVERSION = YES;
				CLANG_WARN_INFINITE_RECURSION = YES;
				CLANG_WARN_INT_CONVERSION = YES;
				CLANG_WARN_NON_LITERAL_NULL_CONVERSION = YES;
				CLANG_WARN_OBJC_IMPLICIT_RETAIN_SELF = YES;
				CLANG_WARN_OBJC_LITERAL_CONVERSION = YES;
				CLANG_WARN_OBJC_ROOT_CLASS = YES_ERROR;
				CLANG_WARN_RANGE_LOOP_ANALYSIS = YES;
				CLANG_WARN_STRICT_PROTOTYPES = YES;
				CLANG_WARN_SUSPICIOUS_MOVE = YES;
				CLANG_WARN_UNGUARDED_AVAILABILITY = YES_AGGRESSIVE;
				CLANG_WARN_UNREACHABLE_CODE = YES;
				CLANG_WARN__DUPLICATE_METHOD_MATCH = YES;
				CODE_SIGN_IDENTITY = "iPhone Developer";
				COPY_PHASE_STRIP = NO;
				DEBUG_INFORMATION_FORMAT = dwarf;
				ENABLE_STRICT_OBJC_MSGSEND = YES;
				ENABLE_TESTABILITY = YES;
				GCC_C_LANGUAGE_STANDARD = gnu11;
				GCC_DYNAMIC_NO_PIC = NO;
				GCC_NO_COMMON_BLOCKS = YES;
				GCC_OPTIMIZATION_LEVEL = 0;
				GCC_PREPROCESSOR_DEFINITIONS = (
					"DEBUG=1",
					"$(inherited)",
				);
				GCC_WARN_64_TO_32_BIT_CONVERSION = YES;
				GCC_WARN_ABOUT_RETURN_TYPE = YES_ERROR;
				GCC_WARN_UNDECLARED_SELECTOR = YES;
				GCC_WARN_UNINITIALIZED_AUTOS = YES_AGGRESSIVE;
				GCC_WARN_UNUSED_FUNCTION = YES;
				GCC_WARN_UNUSED_VARIABLE = YES;
				IPHONEOS_DEPLOYMENT_TARGET = 12.1;
				MTL_ENABLE_DEBUG_INFO = INCLUDE_SOURCE;
				MTL_FAST_MATH = YES;
				ONLY_ACTIVE_ARCH = YES;
				SDKROOT = iphoneos;
				SWIFT_ACTIVE_COMPILATION_CONDITIONS = DEBUG;
				SWIFT_OPTIMIZATION_LEVEL = "-Onone";
			};
			name = Debug;
		};
		5CE6FCCB2235F77F00875B68 /* Release */ = {
			isa = XCBuildConfiguration;
			buildSettings = {
				ALWAYS_SEARCH_USER_PATHS = NO;
				CLANG_ANALYZER_NONNULL = YES;
				CLANG_ANALYZER_NUMBER_OBJECT_CONVERSION = YES_AGGRESSIVE;
				CLANG_CXX_LANGUAGE_STANDARD = "gnu++14";
				CLANG_CXX_LIBRARY = "libc++";
				CLANG_ENABLE_MODULES = YES;
				CLANG_ENABLE_OBJC_ARC = YES;
				CLANG_ENABLE_OBJC_WEAK = YES;
				CLANG_WARN_BLOCK_CAPTURE_AUTORELEASING = YES;
				CLANG_WARN_BOOL_CONVERSION = YES;
				CLANG_WARN_COMMA = YES;
				CLANG_WARN_CONSTANT_CONVERSION = YES;
				CLANG_WARN_DEPRECATED_OBJC_IMPLEMENTATIONS = YES;
				CLANG_WARN_DIRECT_OBJC_ISA_USAGE = YES_ERROR;
				CLANG_WARN_DOCUMENTATION_COMMENTS = YES;
				CLANG_WARN_EMPTY_BODY = YES;
				CLANG_WARN_ENUM_CONVERSION = YES;
				CLANG_WARN_INFINITE_RECURSION = YES;
				CLANG_WARN_INT_CONVERSION = YES;
				CLANG_WARN_NON_LITERAL_NULL_CONVERSION = YES;
				CLANG_WARN_OBJC_IMPLICIT_RETAIN_SELF = YES;
				CLANG_WARN_OBJC_LITERAL_CONVERSION = YES;
				CLANG_WARN_OBJC_ROOT_CLASS = YES_ERROR;
				CLANG_WARN_RANGE_LOOP_ANALYSIS = YES;
				CLANG_WARN_STRICT_PROTOTYPES = YES;
				CLANG_WARN_SUSPICIOUS_MOVE = YES;
				CLANG_WARN_UNGUARDED_AVAILABILITY = YES_AGGRESSIVE;
				CLANG_WARN_UNREACHABLE_CODE = YES;
				CLANG_WARN__DUPLICATE_METHOD_MATCH = YES;
				CODE_SIGN_IDENTITY = "iPhone Developer";
				COPY_PHASE_STRIP = NO;
				DEBUG_INFORMATION_FORMAT = "dwarf-with-dsym";
				ENABLE_NS_ASSERTIONS = NO;
				ENABLE_STRICT_OBJC_MSGSEND = YES;
				GCC_C_LANGUAGE_STANDARD = gnu11;
				GCC_NO_COMMON_BLOCKS = YES;
				GCC_WARN_64_TO_32_BIT_CONVERSION = YES;
				GCC_WARN_ABOUT_RETURN_TYPE = YES_ERROR;
				GCC_WARN_UNDECLARED_SELECTOR = YES;
				GCC_WARN_UNINITIALIZED_AUTOS = YES_AGGRESSIVE;
				GCC_WARN_UNUSED_FUNCTION = YES;
				GCC_WARN_UNUSED_VARIABLE = YES;
				IPHONEOS_DEPLOYMENT_TARGET = 12.1;
				MTL_ENABLE_DEBUG_INFO = NO;
				MTL_FAST_MATH = YES;
				SDKROOT = iphoneos;
				SWIFT_COMPILATION_MODE = wholemodule;
				SWIFT_OPTIMIZATION_LEVEL = "-O";
				VALIDATE_PRODUCT = YES;
			};
			name = Release;
		};
		5CE6FCCD2235F77F00875B68 /* Debug */ = {
			isa = XCBuildConfiguration;
			baseConfigurationReference = 2585EF0F5D55A33D2FE87675 /* Pods-MVVM-Sample.debug.xcconfig */;
			buildSettings = {
				ASSETCATALOG_COMPILER_APPICON_NAME = AppIcon;
				CODE_SIGN_STYLE = Automatic;
				DEVELOPMENT_TEAM = 9WYE222SKK;
				INFOPLIST_FILE = "MVVM-Sample/Info.plist";
				LD_RUNPATH_SEARCH_PATHS = (
					"$(inherited)",
					"@executable_path/Frameworks",
				);
				PRODUCT_BUNDLE_IDENTIFIER = "com.mvvm.sample.MVVM-Sample";
				PRODUCT_NAME = "$(TARGET_NAME)";
				SWIFT_VERSION = 4.2;
				TARGETED_DEVICE_FAMILY = "1,2";
			};
			name = Debug;
		};
		5CE6FCCE2235F77F00875B68 /* Release */ = {
			isa = XCBuildConfiguration;
			baseConfigurationReference = 7C68C9B03391E318FDCA52B7 /* Pods-MVVM-Sample.release.xcconfig */;
			buildSettings = {
				ASSETCATALOG_COMPILER_APPICON_NAME = AppIcon;
				CODE_SIGN_STYLE = Automatic;
				DEVELOPMENT_TEAM = 9WYE222SKK;
				INFOPLIST_FILE = "MVVM-Sample/Info.plist";
				LD_RUNPATH_SEARCH_PATHS = (
					"$(inherited)",
					"@executable_path/Frameworks",
				);
				PRODUCT_BUNDLE_IDENTIFIER = "com.mvvm.sample.MVVM-Sample";
				PRODUCT_NAME = "$(TARGET_NAME)";
				SWIFT_VERSION = 4.2;
				TARGETED_DEVICE_FAMILY = "1,2";
			};
			name = Release;
		};
		5CE6FCD02235F77F00875B68 /* Debug */ = {
			isa = XCBuildConfiguration;
			buildSettings = {
				ALWAYS_EMBED_SWIFT_STANDARD_LIBRARIES = YES;
				BUNDLE_LOADER = "$(TEST_HOST)";
				CODE_SIGN_STYLE = Automatic;
				DEVELOPMENT_TEAM = 9WYE222SKK;
				INFOPLIST_FILE = "MVVM-SampleTests/Info.plist";
				LD_RUNPATH_SEARCH_PATHS = (
					"$(inherited)",
					"@executable_path/Frameworks",
					"@loader_path/Frameworks",
				);
				PRODUCT_BUNDLE_IDENTIFIER = "com.mvvm.sample.MVVM-SampleTests";
				PRODUCT_NAME = "$(TARGET_NAME)";
				SWIFT_VERSION = 4.2;
				TARGETED_DEVICE_FAMILY = "1,2";
				TEST_HOST = "$(BUILT_PRODUCTS_DIR)/MVVM-Sample.app/MVVM-Sample";
			};
			name = Debug;
		};
		5CE6FCD12235F77F00875B68 /* Release */ = {
			isa = XCBuildConfiguration;
			buildSettings = {
				ALWAYS_EMBED_SWIFT_STANDARD_LIBRARIES = YES;
				BUNDLE_LOADER = "$(TEST_HOST)";
				CODE_SIGN_STYLE = Automatic;
				DEVELOPMENT_TEAM = 9WYE222SKK;
				INFOPLIST_FILE = "MVVM-SampleTests/Info.plist";
				LD_RUNPATH_SEARCH_PATHS = (
					"$(inherited)",
					"@executable_path/Frameworks",
					"@loader_path/Frameworks",
				);
				PRODUCT_BUNDLE_IDENTIFIER = "com.mvvm.sample.MVVM-SampleTests";
				PRODUCT_NAME = "$(TARGET_NAME)";
				SWIFT_VERSION = 4.2;
				TARGETED_DEVICE_FAMILY = "1,2";
				TEST_HOST = "$(BUILT_PRODUCTS_DIR)/MVVM-Sample.app/MVVM-Sample";
			};
			name = Release;
		};
		5CE6FCD32235F77F00875B68 /* Debug */ = {
			isa = XCBuildConfiguration;
			buildSettings = {
				ALWAYS_EMBED_SWIFT_STANDARD_LIBRARIES = YES;
				CODE_SIGN_STYLE = Automatic;
				DEVELOPMENT_TEAM = 9WYE222SKK;
				INFOPLIST_FILE = "MVVM-SampleUITests/Info.plist";
				LD_RUNPATH_SEARCH_PATHS = (
					"$(inherited)",
					"@executable_path/Frameworks",
					"@loader_path/Frameworks",
				);
				PRODUCT_BUNDLE_IDENTIFIER = "com.mvvm.sample.MVVM-SampleUITests";
				PRODUCT_NAME = "$(TARGET_NAME)";
				SWIFT_VERSION = 4.2;
				TARGETED_DEVICE_FAMILY = "1,2";
				TEST_TARGET_NAME = "MVVM-Sample";
			};
			name = Debug;
		};
		5CE6FCD42235F77F00875B68 /* Release */ = {
			isa = XCBuildConfiguration;
			buildSettings = {
				ALWAYS_EMBED_SWIFT_STANDARD_LIBRARIES = YES;
				CODE_SIGN_STYLE = Automatic;
				DEVELOPMENT_TEAM = 9WYE222SKK;
				INFOPLIST_FILE = "MVVM-SampleUITests/Info.plist";
				LD_RUNPATH_SEARCH_PATHS = (
					"$(inherited)",
					"@executable_path/Frameworks",
					"@loader_path/Frameworks",
				);
				PRODUCT_BUNDLE_IDENTIFIER = "com.mvvm.sample.MVVM-SampleUITests";
				PRODUCT_NAME = "$(TARGET_NAME)";
				SWIFT_VERSION = 4.2;
				TARGETED_DEVICE_FAMILY = "1,2";
				TEST_TARGET_NAME = "MVVM-Sample";
			};
			name = Release;
		};
/* End XCBuildConfiguration section */

/* Begin XCConfigurationList section */
		5CE6FC9F2235F77D00875B68 /* Build configuration list for PBXProject "MVVM-Sample" */ = {
			isa = XCConfigurationList;
			buildConfigurations = (
				5CE6FCCA2235F77F00875B68 /* Debug */,
				5CE6FCCB2235F77F00875B68 /* Release */,
			);
			defaultConfigurationIsVisible = 0;
			defaultConfigurationName = Release;
		};
		5CE6FCCC2235F77F00875B68 /* Build configuration list for PBXNativeTarget "MVVM-Sample" */ = {
			isa = XCConfigurationList;
			buildConfigurations = (
				5CE6FCCD2235F77F00875B68 /* Debug */,
				5CE6FCCE2235F77F00875B68 /* Release */,
			);
			defaultConfigurationIsVisible = 0;
			defaultConfigurationName = Release;
		};
		5CE6FCCF2235F77F00875B68 /* Build configuration list for PBXNativeTarget "MVVM-SampleTests" */ = {
			isa = XCConfigurationList;
			buildConfigurations = (
				5CE6FCD02235F77F00875B68 /* Debug */,
				5CE6FCD12235F77F00875B68 /* Release */,
			);
			defaultConfigurationIsVisible = 0;
			defaultConfigurationName = Release;
		};
		5CE6FCD22235F77F00875B68 /* Build configuration list for PBXNativeTarget "MVVM-SampleUITests" */ = {
			isa = XCConfigurationList;
			buildConfigurations = (
				5CE6FCD32235F77F00875B68 /* Debug */,
				5CE6FCD42235F77F00875B68 /* Release */,
			);
			defaultConfigurationIsVisible = 0;
			defaultConfigurationName = Release;
		};
/* End XCConfigurationList section */
	};
	rootObject = 5CE6FC9C2235F77D00875B68 /* Project object */;
}
